
Microsoft Visual Studio Solution File, Format Version 12.00
# Visual Studio Version 17
VisualStudioVersion = 17.13.35825.156 d17.13
MinimumVisualStudioVersion = 10.0.40219.1
Project("{FAE04EC0-301F-11D3-BF4B-00C04F79EFBC}") = "тест", "тест\тест.csproj", "{D9605840-C18B-4734-AA69-7F9C0D2D256E}"
EndProject
Global
	GlobalSection(SolutionConfigurationPlatforms) = preSolution
		Debug|Any CPU = Debug|Any CPU
		Release|Any CPU = Release|Any CPU
	EndGlobalSection
	GlobalSection(ProjectConfigurationPlatforms) = postSolution
		{D9605840-C18B-4734-AA69-7F9C0D2D256E}.Debug|Any CPU.ActiveCfg = Debug|Any CPU
		{D9605840-C18B-4734-AA69-7F9C0D2D256E}.Debug|Any CPU.Build.0 = Debug|Any CPU
		{D9605840-C18B-4734-AA69-7F9C0D2D256E}.Release|Any CPU.ActiveCfg = Release|Any CPU
		{D9605840-C18B-4734-AA69-7F9C0D2D256E}.Release|Any CPU.Build.0 = Release|Any CPU
	EndGlobalSection
	GlobalSection(SolutionProperties) = preSolution
		HideSolutionNode = FALSE
	EndGlobalSection
	GlobalSection(ExtensibilityGlobals) = postSolution
		SolutionGuid = {9B050170-2EEB-4FB3-A1B3-3E6712823328}
	EndGlobalSection
EndGlobal
